// !$*UTF8*$!
{
	archiveVersion = 1;
	classes = {
	};
	objectVersion = 48;
	objects = {

/* Begin PBXBuildFile section */
		32147F9A203D851600DD2E23 /* LoginEnterPhoneNumberVC.swift in Sources */ = {isa = PBXBuildFile; fileRef = 32147F99203D851600DD2E23 /* LoginEnterPhoneNumberVC.swift */; };
		32147F9E203DA7E900DD2E23 /* ShlagbaumTableVC.swift in Sources */ = {isa = PBXBuildFile; fileRef = 32147F9D203DA7E900DD2E23 /* ShlagbaumTableVC.swift */; };
		32175FE92061152000351FA7 /* LoginRouterVC.swift in Sources */ = {isa = PBXBuildFile; fileRef = 32175FE82061152000351FA7 /* LoginRouterVC.swift */; };
		32445CC3205A863100B47474 /* UserAPI.swift in Sources */ = {isa = PBXBuildFile; fileRef = 32445CC2205A863100B47474 /* UserAPI.swift */; };
		32445CC6205A8CA800B47474 /* NetworkAPI.swift in Sources */ = {isa = PBXBuildFile; fileRef = 32445CC5205A8CA800B47474 /* NetworkAPI.swift */; };
		32445CC8205A8DA500B47474 /* Router.swift in Sources */ = {isa = PBXBuildFile; fileRef = 32445CC7205A8DA500B47474 /* Router.swift */; };
		32445CCA205A903E00B47474 /* Constants.swift in Sources */ = {isa = PBXBuildFile; fileRef = 32445CC9205A903E00B47474 /* Constants.swift */; };
		32445CCC205B167300B47474 /* ProgressHUDManager.swift in Sources */ = {isa = PBXBuildFile; fileRef = 32445CCB205B167300B47474 /* ProgressHUDManager.swift */; };
		32445CCE205B195D00B47474 /* AlertHelper.swift in Sources */ = {isa = PBXBuildFile; fileRef = 32445CCD205B195D00B47474 /* AlertHelper.swift */; };
		324F81C22077A15E008F6597 /* UIButtonHittableAreaIncreased.swift in Sources */ = {isa = PBXBuildFile; fileRef = 324F81C12077A15E008F6597 /* UIButtonHittableAreaIncreased.swift */; };
		324F81C42077A584008F6597 /* OnboardingViewController.swift in Sources */ = {isa = PBXBuildFile; fileRef = 324F81C32077A584008F6597 /* OnboardingViewController.swift */; };
		328DB16D20458927005E4DD1 /* SupportVC.swift in Sources */ = {isa = PBXBuildFile; fileRef = 328DB16C20458927005E4DD1 /* SupportVC.swift */; };
		328DB16F20458AB5005E4DD1 /* HideKeyboardWhenTappedAround.swift in Sources */ = {isa = PBXBuildFile; fileRef = 328DB16E20458AB5005E4DD1 /* HideKeyboardWhenTappedAround.swift */; };
		328DB17120458F17005E4DD1 /* MoveScrollViewEithKeyboard.swift in Sources */ = {isa = PBXBuildFile; fileRef = 328DB17020458F17005E4DD1 /* MoveScrollViewEithKeyboard.swift */; };
		328DB1732045AC27005E4DD1 /* AddShlagbaumVC.swift in Sources */ = {isa = PBXBuildFile; fileRef = 328DB1722045AC27005E4DD1 /* AddShlagbaumVC.swift */; };
		328DB1752045B439005E4DD1 /* SettingsVC.swift in Sources */ = {isa = PBXBuildFile; fileRef = 328DB1742045B439005E4DD1 /* SettingsVC.swift */; };
		328DB1772045B7BC005E4DD1 /* ShlagbaumTableViewCell.swift in Sources */ = {isa = PBXBuildFile; fileRef = 328DB1762045B7BC005E4DD1 /* ShlagbaumTableViewCell.swift */; };
		328DB1792046E73D005E4DD1 /* TabBar.storyboard in Resources */ = {isa = PBXBuildFile; fileRef = 328DB1782046E73D005E4DD1 /* TabBar.storyboard */; };
		328DB17C2046E766005E4DD1 /* Settings.storyboard in Resources */ = {isa = PBXBuildFile; fileRef = 328DB17A2046E766005E4DD1 /* Settings.storyboard */; };
		328DB17E2046E7EA005E4DD1 /* TabBarVC.swift in Sources */ = {isa = PBXBuildFile; fileRef = 328DB17D2046E7EA005E4DD1 /* TabBarVC.swift */; };
		328DB1812046EBC8005E4DD1 /* Shlagbaum.storyboard in Resources */ = {isa = PBXBuildFile; fileRef = 328DB17F2046EBC8005E4DD1 /* Shlagbaum.storyboard */; };
		328DB1882046ED5D005E4DD1 /* InDevelopment.storyboard in Resources */ = {isa = PBXBuildFile; fileRef = 328DB1872046ED5D005E4DD1 /* InDevelopment.storyboard */; };
		328DB18A20472BE3005E4DD1 /* TabBarUIView.swift in Sources */ = {isa = PBXBuildFile; fileRef = 328DB18920472BE3005E4DD1 /* TabBarUIView.swift */; };
		328DB18C20472DEA005E4DD1 /* GradientUIView.swift in Sources */ = {isa = PBXBuildFile; fileRef = 328DB18B20472DEA005E4DD1 /* GradientUIView.swift */; };
		328DB18E20473426005E4DD1 /* ShlagBaumSettingsVC.swift in Sources */ = {isa = PBXBuildFile; fileRef = 328DB18D20473426005E4DD1 /* ShlagBaumSettingsVC.swift */; };
		328DB19020480337005E4DD1 /* Model.swift in Sources */ = {isa = PBXBuildFile; fileRef = 328DB18F20480337005E4DD1 /* Model.swift */; };
		328DB19220480959005E4DD1 /* UIColor+Additions.swift in Sources */ = {isa = PBXBuildFile; fileRef = 328DB19120480959005E4DD1 /* UIColor+Additions.swift */; };
		328DB1942048545B005E4DD1 /* TabBarUIButton.swift in Sources */ = {isa = PBXBuildFile; fileRef = 328DB1932048545B005E4DD1 /* TabBarUIButton.swift */; };
		328DB19620485D44005E4DD1 /* RoundedUIButtonWithProgress.swift in Sources */ = {isa = PBXBuildFile; fileRef = 328DB19520485D44005E4DD1 /* RoundedUIButtonWithProgress.swift */; };
		328DB199204864FB005E4DD1 /* RoundedUIButtonWithBorderWhenEnabled.swift in Sources */ = {isa = PBXBuildFile; fileRef = 328DB198204864FB005E4DD1 /* RoundedUIButtonWithBorderWhenEnabled.swift */; };
		3529E382C83922545379524B /* Pods_Privratnik.framework in Frameworks */ = {isa = PBXBuildFile; fileRef = 6E2B72E0F028BDB4531F7BD1 /* Pods_Privratnik.framework */; };
		366A17A6205BFF8E0044CA4C /* ChatSupportViewController.swift in Sources */ = {isa = PBXBuildFile; fileRef = 366A17A5205BFF8E0044CA4C /* ChatSupportViewController.swift */; };
		366A17A8205C00D40044CA4C /* html in Resources */ = {isa = PBXBuildFile; fileRef = 366A17A7205C00D40044CA4C /* html */; };
		366A17AD205C01370044CA4C /* JivoSdk.m in Sources */ = {isa = PBXBuildFile; fileRef = 366A17AB205C01370044CA4C /* JivoSdk.m */; };
		3684BD2E205FACBA00860E50 /* JivoChat.storyboard in Resources */ = {isa = PBXBuildFile; fileRef = 3684BD2D205FACBA00860E50 /* JivoChat.storyboard */; };
		A14BB98F203C758900F030C4 /* AppDelegate.swift in Sources */ = {isa = PBXBuildFile; fileRef = A14BB98E203C758900F030C4 /* AppDelegate.swift */; };
		A14BB994203C758900F030C4 /* Login.storyboard in Resources */ = {isa = PBXBuildFile; fileRef = A14BB992203C758900F030C4 /* Login.storyboard */; };
		A14BB996203C758900F030C4 /* Assets.xcassets in Resources */ = {isa = PBXBuildFile; fileRef = A14BB995203C758900F030C4 /* Assets.xcassets */; };
		A14BB999203C758900F030C4 /* LaunchScreen.storyboard in Resources */ = {isa = PBXBuildFile; fileRef = A14BB997203C758900F030C4 /* LaunchScreen.storyboard */; };
		A1BC604D20442BD000392411 /* RoundedUIButton.swift in Sources */ = {isa = PBXBuildFile; fileRef = A1BC604C20442BD000392411 /* RoundedUIButton.swift */; };
		A1BC604F20442EB900392411 /* InnerShadowInUIView.swift in Sources */ = {isa = PBXBuildFile; fileRef = A1BC604E20442EB900392411 /* InnerShadowInUIView.swift */; };
		A1BC60522044316400392411 /* RoundedUITextField.swift in Sources */ = {isa = PBXBuildFile; fileRef = A1BC60512044316400392411 /* RoundedUITextField.swift */; };
		A1BC60542044332000392411 /* RoundedUIView.swift in Sources */ = {isa = PBXBuildFile; fileRef = A1BC60532044332000392411 /* RoundedUIView.swift */; };
		A1BC605720446CDE00392411 /* JMMaskTextField.swift in Sources */ = {isa = PBXBuildFile; fileRef = A1BC605520446CDD00392411 /* JMMaskTextField.swift */; };
		A1BC605820446CDE00392411 /* JMStringMask.swift in Sources */ = {isa = PBXBuildFile; fileRef = A1BC605620446CDE00392411 /* JMStringMask.swift */; };
/* End PBXBuildFile section */

/* Begin PBXFileReference section */
		32147F99203D851600DD2E23 /* LoginEnterPhoneNumberVC.swift */ = {isa = PBXFileReference; lastKnownFileType = sourcecode.swift; path = LoginEnterPhoneNumberVC.swift; sourceTree = "<group>"; };
		32147F9D203DA7E900DD2E23 /* ShlagbaumTableVC.swift */ = {isa = PBXFileReference; lastKnownFileType = sourcecode.swift; path = ShlagbaumTableVC.swift; sourceTree = "<group>"; };
		32175FE82061152000351FA7 /* LoginRouterVC.swift */ = {isa = PBXFileReference; lastKnownFileType = sourcecode.swift; path = LoginRouterVC.swift; sourceTree = "<group>"; };
		32445CC2205A863100B47474 /* UserAPI.swift */ = {isa = PBXFileReference; lastKnownFileType = sourcecode.swift; path = UserAPI.swift; sourceTree = "<group>"; };
		32445CC5205A8CA800B47474 /* NetworkAPI.swift */ = {isa = PBXFileReference; lastKnownFileType = sourcecode.swift; path = NetworkAPI.swift; sourceTree = "<group>"; };
		32445CC7205A8DA500B47474 /* Router.swift */ = {isa = PBXFileReference; lastKnownFileType = sourcecode.swift; path = Router.swift; sourceTree = "<group>"; };
		32445CC9205A903E00B47474 /* Constants.swift */ = {isa = PBXFileReference; lastKnownFileType = sourcecode.swift; path = Constants.swift; sourceTree = "<group>"; };
		32445CCB205B167300B47474 /* ProgressHUDManager.swift */ = {isa = PBXFileReference; lastKnownFileType = sourcecode.swift; path = ProgressHUDManager.swift; sourceTree = "<group>"; };
		32445CCD205B195D00B47474 /* AlertHelper.swift */ = {isa = PBXFileReference; lastKnownFileType = sourcecode.swift; path = AlertHelper.swift; sourceTree = "<group>"; };
		324F81C12077A15E008F6597 /* UIButtonHittableAreaIncreased.swift */ = {isa = PBXFileReference; lastKnownFileType = sourcecode.swift; path = UIButtonHittableAreaIncreased.swift; sourceTree = "<group>"; };
		324F81C32077A584008F6597 /* OnboardingViewController.swift */ = {isa = PBXFileReference; lastKnownFileType = sourcecode.swift; path = OnboardingViewController.swift; sourceTree = "<group>"; };
		328DB16C20458927005E4DD1 /* SupportVC.swift */ = {isa = PBXFileReference; lastKnownFileType = sourcecode.swift; path = SupportVC.swift; sourceTree = "<group>"; };
		328DB16E20458AB5005E4DD1 /* HideKeyboardWhenTappedAround.swift */ = {isa = PBXFileReference; lastKnownFileType = sourcecode.swift; path = HideKeyboardWhenTappedAround.swift; sourceTree = "<group>"; };
		328DB17020458F17005E4DD1 /* MoveScrollViewEithKeyboard.swift */ = {isa = PBXFileReference; lastKnownFileType = sourcecode.swift; path = MoveScrollViewEithKeyboard.swift; sourceTree = "<group>"; };
		328DB1722045AC27005E4DD1 /* AddShlagbaumVC.swift */ = {isa = PBXFileReference; lastKnownFileType = sourcecode.swift; path = AddShlagbaumVC.swift; sourceTree = "<group>"; };
		328DB1742045B439005E4DD1 /* SettingsVC.swift */ = {isa = PBXFileReference; lastKnownFileType = sourcecode.swift; path = SettingsVC.swift; sourceTree = "<group>"; };
		328DB1762045B7BC005E4DD1 /* ShlagbaumTableViewCell.swift */ = {isa = PBXFileReference; lastKnownFileType = sourcecode.swift; path = ShlagbaumTableViewCell.swift; sourceTree = "<group>"; };
		328DB1782046E73D005E4DD1 /* TabBar.storyboard */ = {isa = PBXFileReference; lastKnownFileType = file.storyboard; path = TabBar.storyboard; sourceTree = "<group>"; };
		328DB17B2046E766005E4DD1 /* Base */ = {isa = PBXFileReference; lastKnownFileType = file.storyboard; name = Base; path = Privratnik/Base.lproj/Settings.storyboard; sourceTree = "<group>"; };
		328DB17D2046E7EA005E4DD1 /* TabBarVC.swift */ = {isa = PBXFileReference; lastKnownFileType = sourcecode.swift; path = TabBarVC.swift; sourceTree = "<group>"; };
		328DB1802046EBC8005E4DD1 /* Base */ = {isa = PBXFileReference; lastKnownFileType = file.storyboard; name = Base; path = Privratnik/Base.lproj/Shlagbaum.storyboard; sourceTree = "<group>"; };
		328DB1872046ED5D005E4DD1 /* InDevelopment.storyboard */ = {isa = PBXFileReference; lastKnownFileType = file.storyboard; path = InDevelopment.storyboard; sourceTree = "<group>"; };
		328DB18920472BE3005E4DD1 /* TabBarUIView.swift */ = {isa = PBXFileReference; lastKnownFileType = sourcecode.swift; path = TabBarUIView.swift; sourceTree = "<group>"; };
		328DB18B20472DEA005E4DD1 /* GradientUIView.swift */ = {isa = PBXFileReference; lastKnownFileType = sourcecode.swift; path = GradientUIView.swift; sourceTree = "<group>"; };
		328DB18D20473426005E4DD1 /* ShlagBaumSettingsVC.swift */ = {isa = PBXFileReference; lastKnownFileType = sourcecode.swift; path = ShlagBaumSettingsVC.swift; sourceTree = "<group>"; };
		328DB18F20480337005E4DD1 /* Model.swift */ = {isa = PBXFileReference; lastKnownFileType = sourcecode.swift; path = Model.swift; sourceTree = "<group>"; };
		328DB19120480959005E4DD1 /* UIColor+Additions.swift */ = {isa = PBXFileReference; fileEncoding = 4; lastKnownFileType = sourcecode.swift; path = "UIColor+Additions.swift"; sourceTree = "<group>"; };
		328DB1932048545B005E4DD1 /* TabBarUIButton.swift */ = {isa = PBXFileReference; lastKnownFileType = sourcecode.swift; path = TabBarUIButton.swift; sourceTree = "<group>"; };
		328DB19520485D44005E4DD1 /* RoundedUIButtonWithProgress.swift */ = {isa = PBXFileReference; lastKnownFileType = sourcecode.swift; path = RoundedUIButtonWithProgress.swift; sourceTree = "<group>"; };
		328DB198204864FB005E4DD1 /* RoundedUIButtonWithBorderWhenEnabled.swift */ = {isa = PBXFileReference; lastKnownFileType = sourcecode.swift; path = RoundedUIButtonWithBorderWhenEnabled.swift; sourceTree = "<group>"; };
		366A17A5205BFF8E0044CA4C /* ChatSupportViewController.swift */ = {isa = PBXFileReference; lastKnownFileType = sourcecode.swift; path = ChatSupportViewController.swift; sourceTree = "<group>"; };
		366A17A7205C00D40044CA4C /* html */ = {isa = PBXFileReference; lastKnownFileType = folder; path = html; sourceTree = "<group>"; };
		366A17AA205C01360044CA4C /* Privratnik-Bridging-Header.h */ = {isa = PBXFileReference; lastKnownFileType = sourcecode.c.h; path = "Privratnik-Bridging-Header.h"; sourceTree = "<group>"; };
		366A17AB205C01370044CA4C /* JivoSdk.m */ = {isa = PBXFileReference; fileEncoding = 4; lastKnownFileType = sourcecode.c.objc; path = JivoSdk.m; sourceTree = "<group>"; };
		366A17AC205C01370044CA4C /* JivoSdk.h */ = {isa = PBXFileReference; fileEncoding = 4; lastKnownFileType = sourcecode.c.h; path = JivoSdk.h; sourceTree = "<group>"; };
		3684BD2D205FACBA00860E50 /* JivoChat.storyboard */ = {isa = PBXFileReference; fileEncoding = 4; lastKnownFileType = file.storyboard; path = JivoChat.storyboard; sourceTree = "<group>"; };
		6E2B72E0F028BDB4531F7BD1 /* Pods_Privratnik.framework */ = {isa = PBXFileReference; explicitFileType = wrapper.framework; includeInIndex = 0; path = Pods_Privratnik.framework; sourceTree = BUILT_PRODUCTS_DIR; };
		7834A16823C935F12A3CFFDA /* Pods-Privratnik.release.xcconfig */ = {isa = PBXFileReference; includeInIndex = 1; lastKnownFileType = text.xcconfig; name = "Pods-Privratnik.release.xcconfig"; path = "Pods/Target Support Files/Pods-Privratnik/Pods-Privratnik.release.xcconfig"; sourceTree = "<group>"; };
		A14BB98B203C758900F030C4 /* Privratnik.app */ = {isa = PBXFileReference; explicitFileType = wrapper.application; includeInIndex = 0; path = Privratnik.app; sourceTree = BUILT_PRODUCTS_DIR; };
		A14BB98E203C758900F030C4 /* AppDelegate.swift */ = {isa = PBXFileReference; lastKnownFileType = sourcecode.swift; path = AppDelegate.swift; sourceTree = "<group>"; };
		A14BB993203C758900F030C4 /* Base */ = {isa = PBXFileReference; lastKnownFileType = file.storyboard; name = Base; path = Base.lproj/Login.storyboard; sourceTree = "<group>"; };
		A14BB995203C758900F030C4 /* Assets.xcassets */ = {isa = PBXFileReference; lastKnownFileType = folder.assetcatalog; path = Assets.xcassets; sourceTree = "<group>"; };
		A14BB998203C758900F030C4 /* Base */ = {isa = PBXFileReference; lastKnownFileType = file.storyboard; name = Base; path = Base.lproj/LaunchScreen.storyboard; sourceTree = "<group>"; };
		A14BB99A203C758900F030C4 /* Info.plist */ = {isa = PBXFileReference; lastKnownFileType = text.plist.xml; path = Info.plist; sourceTree = "<group>"; };
		A1BC604C20442BD000392411 /* RoundedUIButton.swift */ = {isa = PBXFileReference; lastKnownFileType = sourcecode.swift; path = RoundedUIButton.swift; sourceTree = "<group>"; };
		A1BC604E20442EB900392411 /* InnerShadowInUIView.swift */ = {isa = PBXFileReference; lastKnownFileType = sourcecode.swift; path = InnerShadowInUIView.swift; sourceTree = "<group>"; };
		A1BC60512044316400392411 /* RoundedUITextField.swift */ = {isa = PBXFileReference; lastKnownFileType = sourcecode.swift; path = RoundedUITextField.swift; sourceTree = "<group>"; };
		A1BC60532044332000392411 /* RoundedUIView.swift */ = {isa = PBXFileReference; lastKnownFileType = sourcecode.swift; path = RoundedUIView.swift; sourceTree = "<group>"; };
		A1BC605520446CDD00392411 /* JMMaskTextField.swift */ = {isa = PBXFileReference; fileEncoding = 4; lastKnownFileType = sourcecode.swift; path = JMMaskTextField.swift; sourceTree = "<group>"; };
		A1BC605620446CDE00392411 /* JMStringMask.swift */ = {isa = PBXFileReference; fileEncoding = 4; lastKnownFileType = sourcecode.swift; path = JMStringMask.swift; sourceTree = "<group>"; };
		B16000EA46B5776DD57FAEF4 /* Pods-Privratnik.debug.xcconfig */ = {isa = PBXFileReference; includeInIndex = 1; lastKnownFileType = text.xcconfig; name = "Pods-Privratnik.debug.xcconfig"; path = "Pods/Target Support Files/Pods-Privratnik/Pods-Privratnik.debug.xcconfig"; sourceTree = "<group>"; };
/* End PBXFileReference section */

/* Begin PBXFrameworksBuildPhase section */
		A14BB988203C758900F030C4 /* Frameworks */ = {
			isa = PBXFrameworksBuildPhase;
			buildActionMask = 2147483647;
			files = (
				3529E382C83922545379524B /* Pods_Privratnik.framework in Frameworks */,
			);
			runOnlyForDeploymentPostprocessing = 0;
		};
/* End PBXFrameworksBuildPhase section */

/* Begin PBXGroup section */
		0C50F0D26A9BCF90CC6383FA /* Frameworks */ = {
			isa = PBXGroup;
			children = (
				6E2B72E0F028BDB4531F7BD1 /* Pods_Privratnik.framework */,
			);
			name = Frameworks;
			sourceTree = "<group>";
		};
		1662A0D279F8D974AC999E46 /* Pods */ = {
			isa = PBXGroup;
			children = (
				B16000EA46B5776DD57FAEF4 /* Pods-Privratnik.debug.xcconfig */,
				7834A16823C935F12A3CFFDA /* Pods-Privratnik.release.xcconfig */,
			);
			name = Pods;
			sourceTree = "<group>";
		};
		32175FE7205FC1F600351FA7 /* TechnicalSupport */ = {
			isa = PBXGroup;
			children = (
				366A17A9205C00FB0044CA4C /* JivoChatFramework */,
				3684BD2D205FACBA00860E50 /* JivoChat.storyboard */,
				366A17A5205BFF8E0044CA4C /* ChatSupportViewController.swift */,
			);
			path = TechnicalSupport;
			sourceTree = "<group>";
		};
		32445CC4205A8C8B00B47474 /* API */ = {
			isa = PBXGroup;
			children = (
				32445CC2205A863100B47474 /* UserAPI.swift */,
				32445CC5205A8CA800B47474 /* NetworkAPI.swift */,
				32445CC7205A8DA500B47474 /* Router.swift */,
			);
			path = API;
			sourceTree = "<group>";
		};
		328DB1822046ECB1005E4DD1 /* TabBar */ = {
			isa = PBXGroup;
			children = (
				328DB1782046E73D005E4DD1 /* TabBar.storyboard */,
				328DB17D2046E7EA005E4DD1 /* TabBarVC.swift */,
			);
			path = TabBar;
			sourceTree = "<group>";
		};
		328DB1832046ECBF005E4DD1 /* Settings */ = {
			isa = PBXGroup;
			children = (
				328DB17A2046E766005E4DD1 /* Settings.storyboard */,
				328DB1742045B439005E4DD1 /* SettingsVC.swift */,
			);
			path = Settings;
			sourceTree = "<group>";
		};
		328DB1842046ECD0005E4DD1 /* Login */ = {
			isa = PBXGroup;
			children = (
				A14BB992203C758900F030C4 /* Login.storyboard */,
				32175FE82061152000351FA7 /* LoginRouterVC.swift */,
				324F81C32077A584008F6597 /* OnboardingViewController.swift */,
				32147F99203D851600DD2E23 /* LoginEnterPhoneNumberVC.swift */,
				328DB16C20458927005E4DD1 /* SupportVC.swift */,
			);
			path = Login;
			sourceTree = "<group>";
		};
		328DB1852046ECE3005E4DD1 /* Shlagbaums */ = {
			isa = PBXGroup;
			children = (
				328DB17F2046EBC8005E4DD1 /* Shlagbaum.storyboard */,
				32147F9D203DA7E900DD2E23 /* ShlagbaumTableVC.swift */,
				328DB1722045AC27005E4DD1 /* AddShlagbaumVC.swift */,
				328DB1762045B7BC005E4DD1 /* ShlagbaumTableViewCell.swift */,
				328DB18D20473426005E4DD1 /* ShlagBaumSettingsVC.swift */,
			);
			path = Shlagbaums;
			sourceTree = "<group>";
		};
		328DB1862046ECF2005E4DD1 /* ViewControllers */ = {
			isa = PBXGroup;
			children = (
				328DB1842046ECD0005E4DD1 /* Login */,
				328DB1822046ECB1005E4DD1 /* TabBar */,
				328DB1852046ECE3005E4DD1 /* Shlagbaums */,
				328DB1832046ECBF005E4DD1 /* Settings */,
				328DB1872046ED5D005E4DD1 /* InDevelopment.storyboard */,
				32175FE7205FC1F600351FA7 /* TechnicalSupport */,
			);
			path = ViewControllers;
			sourceTree = "<group>";
		};
		366A17A9205C00FB0044CA4C /* JivoChatFramework */ = {
			isa = PBXGroup;
			children = (
				366A17AC205C01370044CA4C /* JivoSdk.h */,
				366A17AB205C01370044CA4C /* JivoSdk.m */,
				366A17AA205C01360044CA4C /* Privratnik-Bridging-Header.h */,
			);
			path = JivoChatFramework;
			sourceTree = "<group>";
		};
		A14BB982203C758900F030C4 = {
			isa = PBXGroup;
			children = (
				A14BB98D203C758900F030C4 /* Privratnik */,
				A14BB98C203C758900F030C4 /* Products */,
				1662A0D279F8D974AC999E46 /* Pods */,
				0C50F0D26A9BCF90CC6383FA /* Frameworks */,
				366A17A7205C00D40044CA4C /* html */,
			);
			sourceTree = "<group>";
		};
		A14BB98C203C758900F030C4 /* Products */ = {
			isa = PBXGroup;
			children = (
				A14BB98B203C758900F030C4 /* Privratnik.app */,
			);
			name = Products;
			sourceTree = "<group>";
		};
		A14BB98D203C758900F030C4 /* Privratnik */ = {
			isa = PBXGroup;
			children = (
				A14BB98E203C758900F030C4 /* AppDelegate.swift */,
				328DB18F20480337005E4DD1 /* Model.swift */,
				32445CC9205A903E00B47474 /* Constants.swift */,
				32445CC4205A8C8B00B47474 /* API */,
				328DB1862046ECF2005E4DD1 /* ViewControllers */,
				A1BC60502044314000392411 /* UIExtensions */,
				A14BB995203C758900F030C4 /* Assets.xcassets */,
				A14BB997203C758900F030C4 /* LaunchScreen.storyboard */,
				A14BB99A203C758900F030C4 /* Info.plist */,
			);
			path = Privratnik;
			sourceTree = "<group>";
		};
		A1BC60502044314000392411 /* UIExtensions */ = {
			isa = PBXGroup;
			children = (
				328DB19120480959005E4DD1 /* UIColor+Additions.swift */,
				A1BC605920446CE700392411 /* MaskedTextField */,
				A1BC604C20442BD000392411 /* RoundedUIButton.swift */,
				328DB198204864FB005E4DD1 /* RoundedUIButtonWithBorderWhenEnabled.swift */,
				328DB19520485D44005E4DD1 /* RoundedUIButtonWithProgress.swift */,
				A1BC60532044332000392411 /* RoundedUIView.swift */,
				A1BC60512044316400392411 /* RoundedUITextField.swift */,
				324F81C12077A15E008F6597 /* UIButtonHittableAreaIncreased.swift */,
				328DB18920472BE3005E4DD1 /* TabBarUIView.swift */,
				328DB18B20472DEA005E4DD1 /* GradientUIView.swift */,
				A1BC604E20442EB900392411 /* InnerShadowInUIView.swift */,
				328DB16E20458AB5005E4DD1 /* HideKeyboardWhenTappedAround.swift */,
				328DB17020458F17005E4DD1 /* MoveScrollViewEithKeyboard.swift */,
				32445CCD205B195D00B47474 /* AlertHelper.swift */,
				328DB1932048545B005E4DD1 /* TabBarUIButton.swift */,
				32445CCB205B167300B47474 /* ProgressHUDManager.swift */,
			);
			path = UIExtensions;
			sourceTree = "<group>";
		};
		A1BC605920446CE700392411 /* MaskedTextField */ = {
			isa = PBXGroup;
			children = (
				A1BC605520446CDD00392411 /* JMMaskTextField.swift */,
				A1BC605620446CDE00392411 /* JMStringMask.swift */,
			);
			path = MaskedTextField;
			sourceTree = "<group>";
		};
/* End PBXGroup section */

/* Begin PBXNativeTarget section */
		A14BB98A203C758900F030C4 /* Privratnik */ = {
			isa = PBXNativeTarget;
			buildConfigurationList = A14BB99D203C758900F030C4 /* Build configuration list for PBXNativeTarget "Privratnik" */;
			buildPhases = (
				608C90D4F7398FD037D900B6 /* [CP] Check Pods Manifest.lock */,
				A14BB987203C758900F030C4 /* Sources */,
				A14BB988203C758900F030C4 /* Frameworks */,
				A14BB989203C758900F030C4 /* Resources */,
				48C34DCCED9390A9BA24668E /* [CP] Embed Pods Frameworks */,
				25212C507E9C6DC964A31C24 /* [CP] Copy Pods Resources */,
			);
			buildRules = (
			);
			dependencies = (
			);
			name = Privratnik;
			productName = Privratnik;
			productReference = A14BB98B203C758900F030C4 /* Privratnik.app */;
			productType = "com.apple.product-type.application";
		};
/* End PBXNativeTarget section */

/* Begin PBXProject section */
		A14BB983203C758900F030C4 /* Project object */ = {
			isa = PBXProject;
			attributes = {
				LastSwiftUpdateCheck = 0920;
				LastUpgradeCheck = 0920;
				ORGANIZATIONNAME = Techmas;
				TargetAttributes = {
					A14BB98A203C758900F030C4 = {
						CreatedOnToolsVersion = 9.2;
						LastSwiftMigration = 0920;
						ProvisioningStyle = Automatic;
					};
				};
			};
			buildConfigurationList = A14BB986203C758900F030C4 /* Build configuration list for PBXProject "Privratnik" */;
			compatibilityVersion = "Xcode 8.0";
			developmentRegion = en;
			hasScannedForEncodings = 0;
			knownRegions = (
				en,
				Base,
			);
			mainGroup = A14BB982203C758900F030C4;
			productRefGroup = A14BB98C203C758900F030C4 /* Products */;
			projectDirPath = "";
			projectRoot = "";
			targets = (
				A14BB98A203C758900F030C4 /* Privratnik */,
			);
		};
/* End PBXProject section */

/* Begin PBXResourcesBuildPhase section */
		A14BB989203C758900F030C4 /* Resources */ = {
			isa = PBXResourcesBuildPhase;
			buildActionMask = 2147483647;
			files = (
				328DB1882046ED5D005E4DD1 /* InDevelopment.storyboard in Resources */,
				366A17A8205C00D40044CA4C /* html in Resources */,
				328DB1792046E73D005E4DD1 /* TabBar.storyboard in Resources */,
				A14BB999203C758900F030C4 /* LaunchScreen.storyboard in Resources */,
				A14BB996203C758900F030C4 /* Assets.xcassets in Resources */,
				A14BB994203C758900F030C4 /* Login.storyboard in Resources */,
				328DB17C2046E766005E4DD1 /* Settings.storyboard in Resources */,
				3684BD2E205FACBA00860E50 /* JivoChat.storyboard in Resources */,
				328DB1812046EBC8005E4DD1 /* Shlagbaum.storyboard in Resources */,
			);
			runOnlyForDeploymentPostprocessing = 0;
		};
/* End PBXResourcesBuildPhase section */

/* Begin PBXShellScriptBuildPhase section */
		25212C507E9C6DC964A31C24 /* [CP] Copy Pods Resources */ = {
			isa = PBXShellScriptBuildPhase;
			buildActionMask = 2147483647;
			files = (
			);
			inputPaths = (
			);
			name = "[CP] Copy Pods Resources";
			outputPaths = (
			);
			runOnlyForDeploymentPostprocessing = 0;
			shellPath = /bin/sh;
			shellScript = "\"${SRCROOT}/Pods/Target Support Files/Pods-Privratnik/Pods-Privratnik-resources.sh\"\n";
			showEnvVarsInLog = 0;
		};
		48C34DCCED9390A9BA24668E /* [CP] Embed Pods Frameworks */ = {
			isa = PBXShellScriptBuildPhase;
			buildActionMask = 2147483647;
			files = (
			);
			inputPaths = (
				"${SRCROOT}/Pods/Target Support Files/Pods-Privratnik/Pods-Privratnik-frameworks.sh",
				"${BUILT_PRODUCTS_DIR}/Alamofire/Alamofire.framework",
				"${BUILT_PRODUCTS_DIR}/IQKeyboardManagerSwift/IQKeyboardManagerSwift.framework",
				"${BUILT_PRODUCTS_DIR}/KeychainSwift/KeychainSwift.framework",
				"${BUILT_PRODUCTS_DIR}/MBProgressHUD/MBProgressHUD.framework",
				"${BUILT_PRODUCTS_DIR}/SwiftyJSON/SwiftyJSON.framework",
			);
			name = "[CP] Embed Pods Frameworks";
			outputPaths = (
				"${TARGET_BUILD_DIR}/${FRAMEWORKS_FOLDER_PATH}/Alamofire.framework",
				"${TARGET_BUILD_DIR}/${FRAMEWORKS_FOLDER_PATH}/IQKeyboardManagerSwift.framework",
				"${TARGET_BUILD_DIR}/${FRAMEWORKS_FOLDER_PATH}/KeychainSwift.framework",
				"${TARGET_BUILD_DIR}/${FRAMEWORKS_FOLDER_PATH}/MBProgressHUD.framework",
				"${TARGET_BUILD_DIR}/${FRAMEWORKS_FOLDER_PATH}/SwiftyJSON.framework",
			);
			runOnlyForDeploymentPostprocessing = 0;
			shellPath = /bin/sh;
			shellScript = "\"${SRCROOT}/Pods/Target Support Files/Pods-Privratnik/Pods-Privratnik-frameworks.sh\"\n";
			showEnvVarsInLog = 0;
		};
		608C90D4F7398FD037D900B6 /* [CP] Check Pods Manifest.lock */ = {
			isa = PBXShellScriptBuildPhase;
			buildActionMask = 2147483647;
			files = (
			);
			inputPaths = (
				"${PODS_PODFILE_DIR_PATH}/Podfile.lock",
				"${PODS_ROOT}/Manifest.lock",
			);
			name = "[CP] Check Pods Manifest.lock";
			outputPaths = (
				"$(DERIVED_FILE_DIR)/Pods-Privratnik-checkManifestLockResult.txt",
			);
			runOnlyForDeploymentPostprocessing = 0;
			shellPath = /bin/sh;
			shellScript = "diff \"${PODS_PODFILE_DIR_PATH}/Podfile.lock\" \"${PODS_ROOT}/Manifest.lock\" > /dev/null\nif [ $? != 0 ] ; then\n    # print error to STDERR\n    echo \"error: The sandbox is not in sync with the Podfile.lock. Run 'pod install' or update your CocoaPods installation.\" >&2\n    exit 1\nfi\n# This output is used by Xcode 'outputs' to avoid re-running this script phase.\necho \"SUCCESS\" > \"${SCRIPT_OUTPUT_FILE_0}\"\n";
			showEnvVarsInLog = 0;
		};
/* End PBXShellScriptBuildPhase section */

/* Begin PBXSourcesBuildPhase section */
		A14BB987203C758900F030C4 /* Sources */ = {
			isa = PBXSourcesBuildPhase;
			buildActionMask = 2147483647;
			files = (
				328DB1732045AC27005E4DD1 /* AddShlagbaumVC.swift in Sources */,
				A1BC60542044332000392411 /* RoundedUIView.swift in Sources */,
				324F81C22077A15E008F6597 /* UIButtonHittableAreaIncreased.swift in Sources */,
				A1BC60522044316400392411 /* RoundedUITextField.swift in Sources */,
				328DB16D20458927005E4DD1 /* SupportVC.swift in Sources */,
				32445CC8205A8DA500B47474 /* Router.swift in Sources */,
				A1BC605720446CDE00392411 /* JMMaskTextField.swift in Sources */,
				328DB16F20458AB5005E4DD1 /* HideKeyboardWhenTappedAround.swift in Sources */,
				A1BC604F20442EB900392411 /* InnerShadowInUIView.swift in Sources */,
				A14BB98F203C758900F030C4 /* AppDelegate.swift in Sources */,
				328DB19620485D44005E4DD1 /* RoundedUIButtonWithProgress.swift in Sources */,
				328DB18A20472BE3005E4DD1 /* TabBarUIView.swift in Sources */,
				32445CCA205A903E00B47474 /* Constants.swift in Sources */,
				A1BC604D20442BD000392411 /* RoundedUIButton.swift in Sources */,
				A1BC605820446CDE00392411 /* JMStringMask.swift in Sources */,
				328DB1772045B7BC005E4DD1 /* ShlagbaumTableViewCell.swift in Sources */,
				32445CCC205B167300B47474 /* ProgressHUDManager.swift in Sources */,
				366A17A6205BFF8E0044CA4C /* ChatSupportViewController.swift in Sources */,
				32147F9E203DA7E900DD2E23 /* ShlagbaumTableVC.swift in Sources */,
				328DB17120458F17005E4DD1 /* MoveScrollViewEithKeyboard.swift in Sources */,
				32445CCE205B195D00B47474 /* AlertHelper.swift in Sources */,
				32147F9A203D851600DD2E23 /* LoginEnterPhoneNumberVC.swift in Sources */,
				32175FE92061152000351FA7 /* LoginRouterVC.swift in Sources */,
				328DB19020480337005E4DD1 /* Model.swift in Sources */,
				328DB17E2046E7EA005E4DD1 /* TabBarVC.swift in Sources */,
				328DB18E20473426005E4DD1 /* ShlagBaumSettingsVC.swift in Sources */,
				328DB18C20472DEA005E4DD1 /* GradientUIView.swift in Sources */,
				328DB1942048545B005E4DD1 /* TabBarUIButton.swift in Sources */,
				328DB1752045B439005E4DD1 /* SettingsVC.swift in Sources */,
				328DB19220480959005E4DD1 /* UIColor+Additions.swift in Sources */,
				32445CC3205A863100B47474 /* UserAPI.swift in Sources */,
				328DB199204864FB005E4DD1 /* RoundedUIButtonWithBorderWhenEnabled.swift in Sources */,
				324F81C42077A584008F6597 /* OnboardingViewController.swift in Sources */,
				366A17AD205C01370044CA4C /* JivoSdk.m in Sources */,
				32445CC6205A8CA800B47474 /* NetworkAPI.swift in Sources */,
			);
			runOnlyForDeploymentPostprocessing = 0;
		};
/* End PBXSourcesBuildPhase section */

/* Begin PBXVariantGroup section */
		328DB17A2046E766005E4DD1 /* Settings.storyboard */ = {
			isa = PBXVariantGroup;
			children = (
				328DB17B2046E766005E4DD1 /* Base */,
			);
			name = Settings.storyboard;
			sourceTree = "<group>";
		};
		328DB17F2046EBC8005E4DD1 /* Shlagbaum.storyboard */ = {
			isa = PBXVariantGroup;
			children = (
				328DB1802046EBC8005E4DD1 /* Base */,
			);
			name = Shlagbaum.storyboard;
			sourceTree = "<group>";
		};
		A14BB992203C758900F030C4 /* Login.storyboard */ = {
			isa = PBXVariantGroup;
			children = (
				A14BB993203C758900F030C4 /* Base */,
			);
			name = Login.storyboard;
			sourceTree = "<group>";
		};
		A14BB997203C758900F030C4 /* LaunchScreen.storyboard */ = {
			isa = PBXVariantGroup;
			children = (
				A14BB998203C758900F030C4 /* Base */,
			);
			name = LaunchScreen.storyboard;
			sourceTree = "<group>";
		};
/* End PBXVariantGroup section */

/* Begin XCBuildConfiguration section */
		A14BB99B203C758900F030C4 /* Debug */ = {
			isa = XCBuildConfiguration;
			buildSettings = {
				ALWAYS_SEARCH_USER_PATHS = NO;
				CLANG_ANALYZER_NONNULL = YES;
				CLANG_ANALYZER_NUMBER_OBJECT_CONVERSION = YES_AGGRESSIVE;
				CLANG_CXX_LANGUAGE_STANDARD = "gnu++14";
				CLANG_CXX_LIBRARY = "libc++";
				CLANG_ENABLE_MODULES = YES;
				CLANG_ENABLE_OBJC_ARC = YES;
				CLANG_WARN_BLOCK_CAPTURE_AUTORELEASING = YES;
				CLANG_WARN_BOOL_CONVERSION = YES;
				CLANG_WARN_COMMA = YES;
				CLANG_WARN_CONSTANT_CONVERSION = YES;
				CLANG_WARN_DIRECT_OBJC_ISA_USAGE = YES_ERROR;
				CLANG_WARN_DOCUMENTATION_COMMENTS = YES;
				CLANG_WARN_EMPTY_BODY = YES;
				CLANG_WARN_ENUM_CONVERSION = YES;
				CLANG_WARN_INFINITE_RECURSION = YES;
				CLANG_WARN_INT_CONVERSION = YES;
				CLANG_WARN_NON_LITERAL_NULL_CONVERSION = YES;
				CLANG_WARN_OBJC_LITERAL_CONVERSION = YES;
				CLANG_WARN_OBJC_ROOT_CLASS = YES_ERROR;
				CLANG_WARN_RANGE_LOOP_ANALYSIS = YES;
				CLANG_WARN_STRICT_PROTOTYPES = YES;
				CLANG_WARN_SUSPICIOUS_MOVE = YES;
				CLANG_WARN_UNGUARDED_AVAILABILITY = YES_AGGRESSIVE;
				CLANG_WARN_UNREACHABLE_CODE = YES;
				CLANG_WARN__DUPLICATE_METHOD_MATCH = YES;
				CODE_SIGN_IDENTITY = "iPhone Developer";
				COPY_PHASE_STRIP = NO;
				DEBUG_INFORMATION_FORMAT = dwarf;
				ENABLE_STRICT_OBJC_MSGSEND = YES;
				ENABLE_TESTABILITY = YES;
				GCC_C_LANGUAGE_STANDARD = gnu11;
				GCC_DYNAMIC_NO_PIC = NO;
				GCC_NO_COMMON_BLOCKS = YES;
				GCC_OPTIMIZATION_LEVEL = 0;
				GCC_PREPROCESSOR_DEFINITIONS = (
					"DEBUG=1",
					"$(inherited)",
				);
				GCC_WARN_64_TO_32_BIT_CONVERSION = YES;
				GCC_WARN_ABOUT_RETURN_TYPE = YES_ERROR;
				GCC_WARN_UNDECLARED_SELECTOR = YES;
				GCC_WARN_UNINITIALIZED_AUTOS = YES_AGGRESSIVE;
				GCC_WARN_UNUSED_FUNCTION = YES;
				GCC_WARN_UNUSED_VARIABLE = YES;
				IPHONEOS_DEPLOYMENT_TARGET = 11.2;
				MTL_ENABLE_DEBUG_INFO = YES;
				ONLY_ACTIVE_ARCH = YES;
				SDKROOT = iphoneos;
				SWIFT_ACTIVE_COMPILATION_CONDITIONS = DEBUG;
				SWIFT_OPTIMIZATION_LEVEL = "-Onone";
			};
			name = Debug;
		};
		A14BB99C203C758900F030C4 /* Release */ = {
			isa = XCBuildConfiguration;
			buildSettings = {
				ALWAYS_SEARCH_USER_PATHS = NO;
				CLANG_ANALYZER_NONNULL = YES;
				CLANG_ANALYZER_NUMBER_OBJECT_CONVERSION = YES_AGGRESSIVE;
				CLANG_CXX_LANGUAGE_STANDARD = "gnu++14";
				CLANG_CXX_LIBRARY = "libc++";
				CLANG_ENABLE_MODULES = YES;
				CLANG_ENABLE_OBJC_ARC = YES;
				CLANG_WARN_BLOCK_CAPTURE_AUTORELEASING = YES;
				CLANG_WARN_BOOL_CONVERSION = YES;
				CLANG_WARN_COMMA = YES;
				CLANG_WARN_CONSTANT_CONVERSION = YES;
				CLANG_WARN_DIRECT_OBJC_ISA_USAGE = YES_ERROR;
				CLANG_WARN_DOCUMENTATION_COMMENTS = YES;
				CLANG_WARN_EMPTY_BODY = YES;
				CLANG_WARN_ENUM_CONVERSION = YES;
				CLANG_WARN_INFINITE_RECURSION = YES;
				CLANG_WARN_INT_CONVERSION = YES;
				CLANG_WARN_NON_LITERAL_NULL_CONVERSION = YES;
				CLANG_WARN_OBJC_LITERAL_CONVERSION = YES;
				CLANG_WARN_OBJC_ROOT_CLASS = YES_ERROR;
				CLANG_WARN_RANGE_LOOP_ANALYSIS = YES;
				CLANG_WARN_STRICT_PROTOTYPES = YES;
				CLANG_WARN_SUSPICIOUS_MOVE = YES;
				CLANG_WARN_UNGUARDED_AVAILABILITY = YES_AGGRESSIVE;
				CLANG_WARN_UNREACHABLE_CODE = YES;
				CLANG_WARN__DUPLICATE_METHOD_MATCH = YES;
				CODE_SIGN_IDENTITY = "iPhone Developer";
				COPY_PHASE_STRIP = NO;
				DEBUG_INFORMATION_FORMAT = "dwarf-with-dsym";
				ENABLE_NS_ASSERTIONS = NO;
				ENABLE_STRICT_OBJC_MSGSEND = YES;
				GCC_C_LANGUAGE_STANDARD = gnu11;
				GCC_NO_COMMON_BLOCKS = YES;
				GCC_WARN_64_TO_32_BIT_CONVERSION = YES;
				GCC_WARN_ABOUT_RETURN_TYPE = YES_ERROR;
				GCC_WARN_UNDECLARED_SELECTOR = YES;
				GCC_WARN_UNINITIALIZED_AUTOS = YES_AGGRESSIVE;
				GCC_WARN_UNUSED_FUNCTION = YES;
				GCC_WARN_UNUSED_VARIABLE = YES;
				IPHONEOS_DEPLOYMENT_TARGET = 11.2;
				MTL_ENABLE_DEBUG_INFO = NO;
				SDKROOT = iphoneos;
				SWIFT_OPTIMIZATION_LEVEL = "-Owholemodule";
				VALIDATE_PRODUCT = YES;
			};
			name = Release;
		};
		A14BB99E203C758900F030C4 /* Debug */ = {
			isa = XCBuildConfiguration;
			baseConfigurationReference = B16000EA46B5776DD57FAEF4 /* Pods-Privratnik.debug.xcconfig */;
			buildSettings = {
				ASSETCATALOG_COMPILER_APPICON_NAME = AppIcon;
				CLANG_ENABLE_MODULES = YES;
				CODE_SIGN_STYLE = Automatic;
				DEVELOPMENT_TEAM = PETJ63W9KL;
				INFOPLIST_FILE = Privratnik/Info.plist;
				IPHONEOS_DEPLOYMENT_TARGET = 10.3;
				LD_RUNPATH_SEARCH_PATHS = "$(inherited) @executable_path/Frameworks";
				PRODUCT_BUNDLE_IDENTIFIER = ru.techmas.Privratnik;
				PRODUCT_NAME = "$(TARGET_NAME)";
				SWIFT_OBJC_BRIDGING_HEADER = "Privratnik/ViewControllers/TechnicalSupport/JivoChatFramework/Privratnik-Bridging-Header.h";
				SWIFT_OPTIMIZATION_LEVEL = "-Onone";
				SWIFT_VERSION = 4.0;
				TARGETED_DEVICE_FAMILY = "1,2";
			};
			name = Debug;
		};
		A14BB99F203C758900F030C4 /* Release */ = {
			isa = XCBuildConfiguration;
			baseConfigurationReference = 7834A16823C935F12A3CFFDA /* Pods-Privratnik.release.xcconfig */;
			buildSettings = {
				ASSETCATALOG_COMPILER_APPICON_NAME = AppIcon;
				CLANG_ENABLE_MODULES = YES;
				CODE_SIGN_STYLE = Automatic;
				DEVELOPMENT_TEAM = PETJ63W9KL;
				INFOPLIST_FILE = Privratnik/Info.plist;
				IPHONEOS_DEPLOYMENT_TARGET = 10.3;
				LD_RUNPATH_SEARCH_PATHS = "$(inherited) @executable_path/Frameworks";
				PRODUCT_BUNDLE_IDENTIFIER = ru.techmas.Privratnik;
				PRODUCT_NAME = "$(TARGET_NAME)";
				SWIFT_OBJC_BRIDGING_HEADER = "Privratnik/ViewControllers/TechnicalSupport/JivoChatFramework/Privratnik-Bridging-Header.h";
				SWIFT_VERSION = 4.0;
				TARGETED_DEVICE_FAMILY = "1,2";
			};
			name = Release;
		};
/* End XCBuildConfiguration section */

/* Begin XCConfigurationList section */
		A14BB986203C758900F030C4 /* Build configuration list for PBXProject "Privratnik" */ = {
			isa = XCConfigurationList;
			buildConfigurations = (
				A14BB99B203C758900F030C4 /* Debug */,
				A14BB99C203C758900F030C4 /* Release */,
			);
			defaultConfigurationIsVisible = 0;
			defaultConfigurationName = Release;
		};
		A14BB99D203C758900F030C4 /* Build configuration list for PBXNativeTarget "Privratnik" */ = {
			isa = XCConfigurationList;
			buildConfigurations = (
				A14BB99E203C758900F030C4 /* Debug */,
				A14BB99F203C758900F030C4 /* Release */,
			);
			defaultConfigurationIsVisible = 0;
			defaultConfigurationName = Release;
		};
/* End XCConfigurationList section */
	};
	rootObject = A14BB983203C758900F030C4 /* Project object */;
}
